
Microsoft Visual Studio Solution File, Format Version 12.00
# Visual Studio 15
VisualStudioVersion = 15.0.28010.2046
MinimumVisualStudioVersion = 10.0.40219.1
Project("{FAE04EC0-301F-11D3-BF4B-00C04F79EFBC}") = "EarlyLearningHub", "EarlyLearningHub\EarlyLearningHub.csproj", "{E4181BB6-1940-41C2-B2A8-E96A410B8406}"
EndProject
Global
	GlobalSection(SolutionConfigurationPlatforms) = preSolution
		Debug|Any CPU = Debug|Any CPU
		Release|Any CPU = Release|Any CPU
	EndGlobalSection
	GlobalSection(ProjectConfigurationPlatforms) = postSolution
		{E4181BB6-1940-41C2-B2A8-E96A410B8406}.Debug|Any CPU.ActiveCfg = Debug|Any CPU
		{E4181BB6-1940-41C2-B2A8-E96A410B8406}.Debug|Any CPU.Build.0 = Debug|Any CPU
		{E4181BB6-1940-41C2-B2A8-E96A410B8406}.Release|Any CPU.ActiveCfg = Release|Any CPU
		{E4181BB6-1940-41C2-B2A8-E96A410B8406}.Release|Any CPU.Build.0 = Release|Any CPU
	EndGlobalSection
	GlobalSection(SolutionProperties) = preSolution
		HideSolutionNode = FALSE
	EndGlobalSection
	GlobalSection(ExtensibilityGlobals) = postSolution
		SolutionGuid = {5026BF4F-8930-4BC3-94BB-DA0DA9AABEC2}
	EndGlobalSection
EndGlobal
